{
  "requires": true,
  "lockfileVersion": 1,
  "dependencies": {
    "bmstring": {
      "version": "1.0.0",
      "resolved": "https://registry.npmjs.org/bmstring/-/bmstring-1.0.0.tgz",
      "integrity": "sha512-ds6+Fw26vA7Dn8HAU8P0yHikLzvUPw06fW5BKTuPFalgBdFqNSHwwR/xkZDvTmALRPg85cPSHDPHIdgfZsZaGA=="
    }
  }
}
